{
  "nodes": {
    "nixpkgs": {
      "locked": {
        "lastModified": 1766397721,
        "narHash": "sha256-wOumjep2+ipZ9IB9C7cXh3mvxSBUBR4pq5D74OJ94S4=",
        "owner": "NixOS",
        "repo": "nixpkgs",
        "rev": "7a509f718f9b320debe9766c2b57b46aa02e5348",
        "type": "github"
      },
      "original": {
        "owner": "NixOS",
        "ref": "master",
        "repo": "nixpkgs",
        "type": "github"
      }
    },
    "root": {
      "inputs": {
        "nixpkgs": "nixpkgs"
      }
    }
  },
  "root": "root",
  "version": 7
}
